
Microsoft Visual Studio Solution File, Format Version 12.00
# Visual Studio 15
VisualStudioVersion = 15.0.28307.1169
MinimumVisualStudioVersion = 10.0.40219.1
Project("{FAE04EC0-301F-11D3-BF4B-00C04F79EFBC}") = "CDACalculator", "CDACalculator\CDACalculator.csproj", "{068DCA69-D741-4867-AC93-6DD0FEF84E71}"
EndProject
Global
	GlobalSection(SolutionConfigurationPlatforms) = preSolution
		Debug|Any CPU = Debug|Any CPU
		Release|Any CPU = Release|Any CPU
	EndGlobalSection
	GlobalSection(ProjectConfigurationPlatforms) = postSolution
		{068DCA69-D741-4867-AC93-6DD0FEF84E71}.Debug|Any CPU.ActiveCfg = Debug|Any CPU
		{068DCA69-D741-4867-AC93-6DD0FEF84E71}.Debug|Any CPU.Build.0 = Debug|Any CPU
		{068DCA69-D741-4867-AC93-6DD0FEF84E71}.Release|Any CPU.ActiveCfg = Release|Any CPU
		{068DCA69-D741-4867-AC93-6DD0FEF84E71}.Release|Any CPU.Build.0 = Release|Any CPU
	EndGlobalSection
	GlobalSection(SolutionProperties) = preSolution
		HideSolutionNode = FALSE
	EndGlobalSection
	GlobalSection(ExtensibilityGlobals) = postSolution
		SolutionGuid = {D0A94A19-6301-48C7-B4F3-EE9AB10EF9C8}
	EndGlobalSection
EndGlobal
